// !$*UTF8*$!
{
	archiveVersion = 1;
	classes = {
	};
	objectVersion = 46;
	objects = {

/* Begin PBXBuildFile section */
		471232E717E4A6DF00EE081B /* Images.xcassets in Resources */ = {isa = PBXBuildFile; fileRef = 471232E617E4A6DF00EE081B /* Images.xcassets */; };
		4717962D186B318900318E73 /* MoreViewController.m in Sources */ = {isa = PBXBuildFile; fileRef = 4717962C186B318900318E73 /* MoreViewController.m */; };
		4717962F186B34A100318E73 /* amitarofactory_02.wav in Resources */ = {isa = PBXBuildFile; fileRef = 4717962E186B34A100318E73 /* amitarofactory_02.wav */; };
		47179631186B34F800318E73 /* AVFoundation.framework in Frameworks */ = {isa = PBXBuildFile; fileRef = 47179630186B34F800318E73 /* AVFoundation.framework */; };
		47179634186C44E400318E73 /* HowCreateViewController.m in Sources */ = {isa = PBXBuildFile; fileRef = 47179633186C44E400318E73 /* HowCreateViewController.m */; };
		471E84D31850A97D002667D0 /* DetailViewController_iPad.m in Sources */ = {isa = PBXBuildFile; fileRef = 471E84D21850A97D002667D0 /* DetailViewController_iPad.m */; };
		4727B9F516B554AE00A6F19D /* UIKit.framework in Frameworks */ = {isa = PBXBuildFile; fileRef = 4727B9F416B554AE00A6F19D /* UIKit.framework */; };
		4727B9F716B554AE00A6F19D /* Foundation.framework in Frameworks */ = {isa = PBXBuildFile; fileRef = 4727B9F616B554AE00A6F19D /* Foundation.framework */; };
		4727B9F916B554AE00A6F19D /* CoreGraphics.framework in Frameworks */ = {isa = PBXBuildFile; fileRef = 4727B9F816B554AE00A6F19D /* CoreGraphics.framework */; };
		4727B9FF16B554AE00A6F19D /* InfoPlist.strings in Resources */ = {isa = PBXBuildFile; fileRef = 4727B9FD16B554AE00A6F19D /* InfoPlist.strings */; };
		4727BA0116B554AE00A6F19D /* main.m in Sources */ = {isa = PBXBuildFile; fileRef = 4727BA0016B554AE00A6F19D /* main.m */; };
		4727BA0516B554AE00A6F19D /* AppDelegate.m in Sources */ = {isa = PBXBuildFile; fileRef = 4727BA0416B554AE00A6F19D /* AppDelegate.m */; };
		4727BA0E16B554AE00A6F19D /* MainStoryboard_iPhone.storyboard in Resources */ = {isa = PBXBuildFile; fileRef = 4727BA0C16B554AE00A6F19D /* MainStoryboard_iPhone.storyboard */; };
		4727BA1116B554AE00A6F19D /* MainStoryboard_iPad.storyboard in Resources */ = {isa = PBXBuildFile; fileRef = 4727BA0F16B554AE00A6F19D /* MainStoryboard_iPad.storyboard */; };
		473481C1189162E6003F80BC /* iHasApp.m in Sources */ = {isa = PBXBuildFile; fileRef = 473481BF189162E6003F80BC /* iHasApp.m */; };
		473481C2189162E6003F80BC /* schemeApps.json in Resources */ = {isa = PBXBuildFile; fileRef = 473481C0189162E6003F80BC /* schemeApps.json */; };
		477BDA66186DA57D0028DD57 /* nanishiteruno_01.wav in Resources */ = {isa = PBXBuildFile; fileRef = 477BDA65186DA57D0028DD57 /* nanishiteruno_01.wav */; };
		477BDA6C186DA5F20028DD57 /* okaerigoshujin_01.wav in Resources */ = {isa = PBXBuildFile; fileRef = 477BDA6B186DA5F20028DD57 /* okaerigoshujin_01.wav */; };
		477BDA6E186DA6090028DD57 /* hainandesyou_01.wav in Resources */ = {isa = PBXBuildFile; fileRef = 477BDA6D186DA6090028DD57 /* hainandesyou_01.wav */; };
		477BDA70186DA64B0028DD57 /* goshujinsama_03.wav in Resources */ = {isa = PBXBuildFile; fileRef = 477BDA6F186DA64B0028DD57 /* goshujinsama_03.wav */; };
		477BDA73186DC5B90028DD57 /* chottomattene_01.wav in Resources */ = {isa = PBXBuildFile; fileRef = 477BDA72186DC5B90028DD57 /* chottomattene_01.wav */; };
		477BDA78186F0F3C0028DD57 /* arigatou_04.wav in Resources */ = {isa = PBXBuildFile; fileRef = 477BDA77186F0F3C0028DD57 /* arigatou_04.wav */; };
		477BDA7C186F126F0028DD57 /* hajimemashide.mp3 in Resources */ = {isa = PBXBuildFile; fileRef = 477BDA7B186F126F0028DD57 /* hajimemashide.mp3 */; };
		477E24CB17A90A4B008D353F /* AppCell.m in Sources */ = {isa = PBXBuildFile; fileRef = 477E24CA17A90A4B008D353F /* AppCell.m */; };
		477E24CE17A90E3D008D353F /* NewViewController.m in Sources */ = {isa = PBXBuildFile; fileRef = 477E24CD17A90E3D008D353F /* NewViewController.m */; };
		477E24DD17A9200D008D353F /* libiconv.dylib in Frameworks */ = {isa = PBXBuildFile; fileRef = 477E24DC17A9200D008D353F /* libiconv.dylib */; };
		477E24DF17A92023008D353F /* libsqlite3.dylib in Frameworks */ = {isa = PBXBuildFile; fileRef = 477E24DE17A92023008D353F /* libsqlite3.dylib */; };
		477E24E117A9202C008D353F /* libz.dylib in Frameworks */ = {isa = PBXBuildFile; fileRef = 477E24E017A9202C008D353F /* libz.dylib */; };
		477E24E517A9211A008D353F /* CFNetwork.framework in Frameworks */ = {isa = PBXBuildFile; fileRef = 477E24E417A9211A008D353F /* CFNetwork.framework */; };
		477E24E717A92124008D353F /* CoreData.framework in Frameworks */ = {isa = PBXBuildFile; fileRef = 477E24E617A92124008D353F /* CoreData.framework */; };
		477E24E917A92144008D353F /* SystemConfiguration.framework in Frameworks */ = {isa = PBXBuildFile; fileRef = 477E24E817A92144008D353F /* SystemConfiguration.framework */; };
		477E24EB17A92150008D353F /* MessageUI.framework in Frameworks */ = {isa = PBXBuildFile; fileRef = 477E24EA17A92150008D353F /* MessageUI.framework */; };
		477E24ED17A9215A008D353F /* ImageIO.framework in Frameworks */ = {isa = PBXBuildFile; fileRef = 477E24EC17A9215A008D353F /* ImageIO.framework */; };
		477F016E189177A8000CD3FF /* CheckAppInstalled.m in Sources */ = {isa = PBXBuildFile; fileRef = 477F016D189177A8000CD3FF /* CheckAppInstalled.m */; };
		4798146C19DF1D68003C7E69 /* Launch Screen.xib in Resources */ = {isa = PBXBuildFile; fileRef = 4798146B19DF1D68003C7E69 /* Launch Screen.xib */; };
		4798DABD186C572F0013CD99 /* ecchihentai_01.wav in Resources */ = {isa = PBXBuildFile; fileRef = 4798DABC186C572F0013CD99 /* ecchihentai_01.wav */; };
		4798DABF186C69A50013CD99 /* haryaa_02.wav in Resources */ = {isa = PBXBuildFile; fileRef = 4798DABE186C69A50013CD99 /* haryaa_02.wav */; };
		4798DAC1186C69F70013CD99 /* fueen_01.wav in Resources */ = {isa = PBXBuildFile; fileRef = 4798DAC0186C69F70013CD99 /* fueen_01.wav */; };
		4798DAC3186C6A010013CD99 /* fuunda_02.wav in Resources */ = {isa = PBXBuildFile; fileRef = 4798DAC2186C6A010013CD99 /* fuunda_02.wav */; };
		4798DAC5186C6A360013CD99 /* ijiwaru_02.wav in Resources */ = {isa = PBXBuildFile; fileRef = 4798DAC4186C6A360013CD99 /* ijiwaru_02.wav */; };
		4798DAC7186C6ACF0013CD99 /* aaan_01.wav in Resources */ = {isa = PBXBuildFile; fileRef = 4798DAC6186C6ACF0013CD99 /* aaan_01.wav */; };
		4798DAC9186C6B200013CD99 /* oi_02.wav in Resources */ = {isa = PBXBuildFile; fileRef = 4798DAC8186C6B200013CD99 /* oi_02.wav */; };
		4798DACB186C6B940013CD99 /* gomennasai_03.wav in Resources */ = {isa = PBXBuildFile; fileRef = 4798DACA186C6B940013CD99 /* gomennasai_03.wav */; };
		4798DACD186C6C0F0013CD99 /* nyaanyaa_01.wav in Resources */ = {isa = PBXBuildFile; fileRef = 4798DACC186C6C0F0013CD99 /* nyaanyaa_01.wav */; };
		4798DACF186C6C390013CD99 /* ittaai_01.wav in Resources */ = {isa = PBXBuildFile; fileRef = 4798DACE186C6C390013CD99 /* ittaai_01.wav */; };
		47A73C7216BD6571007B8BBA /* MoeAppsAPI.m in Sources */ = {isa = PBXBuildFile; fileRef = 47A73C7116BD6571007B8BBA /* MoeAppsAPI.m */; };
		47AB6F2C16BFE9D400358D4B /* Default-Landscape@2x~ipad.png in Resources */ = {isa = PBXBuildFile; fileRef = 47AB6F2B16BFE9D400358D4B /* Default-Landscape@2x~ipad.png */; };
		47AB6F2E16BFE9F100358D4B /* Default@2x.png in Resources */ = {isa = PBXBuildFile; fileRef = 47AB6F2D16BFE9F100358D4B /* Default@2x.png */; };
		47AB6F3016BFE9FB00358D4B /* Default.png in Resources */ = {isa = PBXBuildFile; fileRef = 47AB6F2F16BFE9FB00358D4B /* Default.png */; };
		47AB6F3216BFEA1D00358D4B /* Default-Landscape~ipad.png in Resources */ = {isa = PBXBuildFile; fileRef = 47AB6F3116BFEA1D00358D4B /* Default-Landscape~ipad.png */; };
		47AB6F3416BFEA2D00358D4B /* Default-Portrait~ipad.png in Resources */ = {isa = PBXBuildFile; fileRef = 47AB6F3316BFEA2D00358D4B /* Default-Portrait~ipad.png */; };
		47AB6F3616BFEA3300358D4B /* Default-Portrait@2x~ipad.png in Resources */ = {isa = PBXBuildFile; fileRef = 47AB6F3516BFEA3300358D4B /* Default-Portrait@2x~ipad.png */; };
		47AB6F3816BFEACA00358D4B /* Default-568h@2x.png in Resources */ = {isa = PBXBuildFile; fileRef = 47AB6F3716BFEACA00358D4B /* Default-568h@2x.png */; };
		47AB6F3A16BFEAE800358D4B /* icon.png in Resources */ = {isa = PBXBuildFile; fileRef = 47AB6F3916BFEAE800358D4B /* icon.png */; };
		47AB6F3C16BFEAF400358D4B /* 144.png in Resources */ = {isa = PBXBuildFile; fileRef = 47AB6F3B16BFEAF400358D4B /* 144.png */; };
		47AB6F3E16BFEB0700358D4B /* icon57.png in Resources */ = {isa = PBXBuildFile; fileRef = 47AB6F3D16BFEB0700358D4B /* icon57.png */; };
		47AB6F4016BFEB0A00358D4B /* icon@2x.png in Resources */ = {isa = PBXBuildFile; fileRef = 47AB6F3F16BFEB0A00358D4B /* icon@2x.png */; };
		47C37EB618F0669700C63A80 /* SDWebImage.framework in Frameworks */ = {isa = PBXBuildFile; fileRef = 47C37EB518F0669700C63A80 /* SDWebImage.framework */; };
		47C3B33B1837462100433266 /* SearchViewController.m in Sources */ = {isa = PBXBuildFile; fileRef = 47C3B33A1837462100433266 /* SearchViewController.m */; };
		47C3B3431837A77A00433266 /* MBProgressHUD.m in Sources */ = {isa = PBXBuildFile; fileRef = 47C3B3421837A77A00433266 /* MBProgressHUD.m */; settings = {COMPILER_FLAGS = "-fno-objc-arc"; }; };
		47C8EE8C185F1CC90031DAC2 /* Localizable.strings in Resources */ = {isa = PBXBuildFile; fileRef = 47C8EE8E185F1CC90031DAC2 /* Localizable.strings */; };
		47C98AEE1861BD6A00D55468 /* background.png in Resources */ = {isa = PBXBuildFile; fileRef = 47C98AED1861BD6A00D55468 /* background.png */; };
		47C98B0C1861C5F800D55468 /* AudioToolbox.framework in Frameworks */ = {isa = PBXBuildFile; fileRef = 47C98B0B1861C5F800D55468 /* AudioToolbox.framework */; };
		47C98B0E1861C6E300D55468 /* AdSupport.framework in Frameworks */ = {isa = PBXBuildFile; fileRef = 47C98B0D1861C6E300D55468 /* AdSupport.framework */; };
		47D39CF617AD3A470083C30D /* DetailViewController.m in Sources */ = {isa = PBXBuildFile; fileRef = 47D39CF517AD3A470083C30D /* DetailViewController.m */; };
		47DCDAC6186084E400555D97 /* NewNavViewController.m in Sources */ = {isa = PBXBuildFile; fileRef = 47DCDAC5186084E400555D97 /* NewNavViewController.m */; };
		47DCDACD1860851200555D97 /* SearchNavViewController.m in Sources */ = {isa = PBXBuildFile; fileRef = 47DCDACC1860851200555D97 /* SearchNavViewController.m */; };
		47DCDAD01860854300555D97 /* CategoryNavViewController.m in Sources */ = {isa = PBXBuildFile; fileRef = 47DCDACF1860854300555D97 /* CategoryNavViewController.m */; };
		47DCDAD318608C0A00555D97 /* TabBarViewController.m in Sources */ = {isa = PBXBuildFile; fileRef = 47DCDAD218608C0A00555D97 /* TabBarViewController.m */; };
		47DCDAD518609E4100555D97 /* UITabBarStar@2x.png in Resources */ = {isa = PBXBuildFile; fileRef = 47DCDAD418609E4100555D97 /* UITabBarStar@2x.png */; };
		47DCDAD718609E9E00555D97 /* UITabBarStar.png in Resources */ = {isa = PBXBuildFile; fileRef = 47DCDAD618609E9E00555D97 /* UITabBarStar.png */; };
		47DCE6041859E82500141321 /* AddressBook.framework in Frameworks */ = {isa = PBXBuildFile; fileRef = 47DCE6031859E82500141321 /* AddressBook.framework */; };
		47E2713C18FC17FE00304DED /* Security.framework in Frameworks */ = {isa = PBXBuildFile; fileRef = 47E2713B18FC17FE00304DED /* Security.framework */; };
		47E8A59B18C8A40B00A84F8E /* CoreTelephony.framework in Frameworks */ = {isa = PBXBuildFile; fileRef = 47E8A59A18C8A40B00A84F8E /* CoreTelephony.framework */; };
		47EF54681837C4F3002AED54 /* CategoryListViewController.m in Sources */ = {isa = PBXBuildFile; fileRef = 47EF54671837C4F3002AED54 /* CategoryListViewController.m */; };
		47EF546F1837CCB1002AED54 /* CategoryAppListViewController.m in Sources */ = {isa = PBXBuildFile; fileRef = 47EF546E1837CCB1002AED54 /* CategoryAppListViewController.m */; };
/* End PBXBuildFile section */

/* Begin PBXCopyFilesBuildPhase section */
		4798E5D119497BE60003D4DF /* Embed App Extensions */ = {
			isa = PBXCopyFilesBuildPhase;
			buildActionMask = 2147483647;
			dstPath = "";
			dstSubfolderSpec = 13;
			files = (
			);
			name = "Embed App Extensions";
			runOnlyForDeploymentPostprocessing = 0;
		};
/* End PBXCopyFilesBuildPhase section */

/* Begin PBXFileReference section */
		471232E617E4A6DF00EE081B /* Images.xcassets */ = {isa = PBXFileReference; lastKnownFileType = folder.assetcatalog; path = Images.xcassets; sourceTree = "<group>"; };
		4717962B186B318900318E73 /* MoreViewController.h */ = {isa = PBXFileReference; fileEncoding = 4; lastKnownFileType = sourcecode.c.h; path = MoreViewController.h; sourceTree = "<group>"; };
		4717962C186B318900318E73 /* MoreViewController.m */ = {isa = PBXFileReference; fileEncoding = 4; lastKnownFileType = sourcecode.c.objc; path = MoreViewController.m; sourceTree = "<group>"; };
		4717962E186B34A100318E73 /* amitarofactory_02.wav */ = {isa = PBXFileReference; lastKnownFileType = audio.wav; path = amitarofactory_02.wav; sourceTree = "<group>"; };
		47179630186B34F800318E73 /* AVFoundation.framework */ = {isa = PBXFileReference; lastKnownFileType = wrapper.framework; name = AVFoundation.framework; path = System/Library/Frameworks/AVFoundation.framework; sourceTree = SDKROOT; };
		47179632186C44E400318E73 /* HowCreateViewController.h */ = {isa = PBXFileReference; fileEncoding = 4; lastKnownFileType = sourcecode.c.h; path = HowCreateViewController.h; sourceTree = "<group>"; };
		47179633186C44E400318E73 /* HowCreateViewController.m */ = {isa = PBXFileReference; fileEncoding = 4; lastKnownFileType = sourcecode.c.objc; path = HowCreateViewController.m; sourceTree = "<group>"; };
		471E84D11850A97D002667D0 /* DetailViewController_iPad.h */ = {isa = PBXFileReference; fileEncoding = 4; lastKnownFileType = sourcecode.c.h; path = DetailViewController_iPad.h; sourceTree = "<group>"; };
		471E84D21850A97D002667D0 /* DetailViewController_iPad.m */ = {isa = PBXFileReference; fileEncoding = 4; lastKnownFileType = sourcecode.c.objc; path = DetailViewController_iPad.m; sourceTree = "<group>"; };
		4727B9F016B554AE00A6F19D /* NewMoeApps.app */ = {isa = PBXFileReference; explicitFileType = wrapper.application; includeInIndex = 0; path = NewMoeApps.app; sourceTree = BUILT_PRODUCTS_DIR; };
		4727B9F416B554AE00A6F19D /* UIKit.framework */ = {isa = PBXFileReference; lastKnownFileType = wrapper.framework; name = UIKit.framework; path = System/Library/Frameworks/UIKit.framework; sourceTree = SDKROOT; };
		4727B9F616B554AE00A6F19D /* Foundation.framework */ = {isa = PBXFileReference; lastKnownFileType = wrapper.framework; name = Foundation.framework; path = System/Library/Frameworks/Foundation.framework; sourceTree = SDKROOT; };
		4727B9F816B554AE00A6F19D /* CoreGraphics.framework */ = {isa = PBXFileReference; lastKnownFileType = wrapper.framework; name = CoreGraphics.framework; path = System/Library/Frameworks/CoreGraphics.framework; sourceTree = SDKROOT; };
		4727B9FC16B554AE00A6F19D /* NewMoeApps-Info.plist */ = {isa = PBXFileReference; lastKnownFileType = text.plist.xml; path = "NewMoeApps-Info.plist"; sourceTree = "<group>"; };
		4727B9FE16B554AE00A6F19D /* en */ = {isa = PBXFileReference; lastKnownFileType = text.plist.strings; name = en; path = en.lproj/InfoPlist.strings; sourceTree = "<group>"; };
		4727BA0016B554AE00A6F19D /* main.m */ = {isa = PBXFileReference; lastKnownFileType = sourcecode.c.objc; path = main.m; sourceTree = "<group>"; };
		4727BA0216B554AE00A6F19D /* NewMoeApps-Prefix.pch */ = {isa = PBXFileReference; lastKnownFileType = sourcecode.c.h; path = "NewMoeApps-Prefix.pch"; sourceTree = "<group>"; };
		4727BA0316B554AE00A6F19D /* AppDelegate.h */ = {isa = PBXFileReference; lastKnownFileType = sourcecode.c.h; path = AppDelegate.h; sourceTree = "<group>"; };
		4727BA0416B554AE00A6F19D /* AppDelegate.m */ = {isa = PBXFileReference; lastKnownFileType = sourcecode.c.objc; path = AppDelegate.m; sourceTree = "<group>"; };
		4727BA0D16B554AE00A6F19D /* en */ = {isa = PBXFileReference; lastKnownFileType = file.storyboard; name = en; path = en.lproj/MainStoryboard_iPhone.storyboard; sourceTree = "<group>"; };
		4727BA1016B554AE00A6F19D /* en */ = {isa = PBXFileReference; lastKnownFileType = file.storyboard; name = en; path = en.lproj/MainStoryboard_iPad.storyboard; sourceTree = "<group>"; };
		473481BE189162E6003F80BC /* iHasApp.h */ = {isa = PBXFileReference; fileEncoding = 4; lastKnownFileType = sourcecode.c.h; path = iHasApp.h; sourceTree = "<group>"; };
		473481BF189162E6003F80BC /* iHasApp.m */ = {isa = PBXFileReference; fileEncoding = 4; lastKnownFileType = sourcecode.c.objc; path = iHasApp.m; sourceTree = "<group>"; };
		473481C0189162E6003F80BC /* schemeApps.json */ = {isa = PBXFileReference; fileEncoding = 4; lastKnownFileType = text.json; path = schemeApps.json; sourceTree = "<group>"; };
		474621A419FFD3730023593F /* MobileCoreServices.framework */ = {isa = PBXFileReference; lastKnownFileType = wrapper.framework; name = MobileCoreServices.framework; path = System/Library/Frameworks/MobileCoreServices.framework; sourceTree = SDKROOT; };
		474621D319FFD4210023593F /* Info.plist */ = {isa = PBXFileReference; lastKnownFileType = text.plist.xml; path = Info.plist; sourceTree = "<group>"; };
		474621D419FFD4210023593F /* ShareViewController.h */ = {isa = PBXFileReference; lastKnownFileType = sourcecode.c.h; path = ShareViewController.h; sourceTree = "<group>"; };
		474621D519FFD4210023593F /* ShareViewController.m */ = {isa = PBXFileReference; lastKnownFileType = sourcecode.c.objc; path = ShareViewController.m; sourceTree = "<group>"; };
		474621D719FFD4210023593F /* MainInterface.storyboard */ = {isa = PBXFileReference; lastKnownFileType = file.storyboard; path = MainInterface.storyboard; sourceTree = "<group>"; };
		477BDA65186DA57D0028DD57 /* nanishiteruno_01.wav */ = {isa = PBXFileReference; lastKnownFileType = audio.wav; path = nanishiteruno_01.wav; sourceTree = "<group>"; };
		477BDA6B186DA5F20028DD57 /* okaerigoshujin_01.wav */ = {isa = PBXFileReference; lastKnownFileType = audio.wav; path = okaerigoshujin_01.wav; sourceTree = "<group>"; };
		477BDA6D186DA6090028DD57 /* hainandesyou_01.wav */ = {isa = PBXFileReference; lastKnownFileType = audio.wav; path = hainandesyou_01.wav; sourceTree = "<group>"; };
		477BDA6F186DA64B0028DD57 /* goshujinsama_03.wav */ = {isa = PBXFileReference; lastKnownFileType = audio.wav; path = goshujinsama_03.wav; sourceTree = "<group>"; };
		477BDA72186DC5B90028DD57 /* chottomattene_01.wav */ = {isa = PBXFileReference; lastKnownFileType = audio.wav; path = chottomattene_01.wav; sourceTree = "<group>"; };
		477BDA77186F0F3C0028DD57 /* arigatou_04.wav */ = {isa = PBXFileReference; lastKnownFileType = audio.wav; path = arigatou_04.wav; sourceTree = "<group>"; };
		477BDA7B186F126F0028DD57 /* hajimemashide.mp3 */ = {isa = PBXFileReference; lastKnownFileType = audio.mp3; path = hajimemashide.mp3; sourceTree = "<group>"; };
		477E24C917A90A4B008D353F /* AppCell.h */ = {isa = PBXFileReference; fileEncoding = 4; lastKnownFileType = sourcecode.c.h; path = AppCell.h; sourceTree = "<group>"; };
		477E24CA17A90A4B008D353F /* AppCell.m */ = {isa = PBXFileReference; fileEncoding = 4; lastKnownFileType = sourcecode.c.objc; path = AppCell.m; sourceTree = "<group>"; };
		477E24CC17A90E3D008D353F /* NewViewController.h */ = {isa = PBXFileReference; fileEncoding = 4; lastKnownFileType = sourcecode.c.h; path = NewViewController.h; sourceTree = "<group>"; };
		477E24CD17A90E3D008D353F /* NewViewController.m */ = {isa = PBXFileReference; fileEncoding = 4; lastKnownFileType = sourcecode.c.objc; path = NewViewController.m; sourceTree = "<group>"; };
		477E24DC17A9200D008D353F /* libiconv.dylib */ = {isa = PBXFileReference; lastKnownFileType = "compiled.mach-o.dylib"; name = libiconv.dylib; path = usr/lib/libiconv.dylib; sourceTree = SDKROOT; };
		477E24DE17A92023008D353F /* libsqlite3.dylib */ = {isa = PBXFileReference; lastKnownFileType = "compiled.mach-o.dylib"; name = libsqlite3.dylib; path = usr/lib/libsqlite3.dylib; sourceTree = SDKROOT; };
		477E24E017A9202C008D353F /* libz.dylib */ = {isa = PBXFileReference; lastKnownFileType = "compiled.mach-o.dylib"; name = libz.dylib; path = usr/lib/libz.dylib; sourceTree = SDKROOT; };
		477E24E417A9211A008D353F /* CFNetwork.framework */ = {isa = PBXFileReference; lastKnownFileType = wrapper.framework; name = CFNetwork.framework; path = System/Library/Frameworks/CFNetwork.framework; sourceTree = SDKROOT; };
		477E24E617A92124008D353F /* CoreData.framework */ = {isa = PBXFileReference; lastKnownFileType = wrapper.framework; name = CoreData.framework; path = System/Library/Frameworks/CoreData.framework; sourceTree = SDKROOT; };
		477E24E817A92144008D353F /* SystemConfiguration.framework */ = {isa = PBXFileReference; lastKnownFileType = wrapper.framework; name = SystemConfiguration.framework; path = System/Library/Frameworks/SystemConfiguration.framework; sourceTree = SDKROOT; };
		477E24EA17A92150008D353F /* MessageUI.framework */ = {isa = PBXFileReference; lastKnownFileType = wrapper.framework; name = MessageUI.framework; path = System/Library/Frameworks/MessageUI.framework; sourceTree = SDKROOT; };
		477E24EC17A9215A008D353F /* ImageIO.framework */ = {isa = PBXFileReference; lastKnownFileType = wrapper.framework; name = ImageIO.framework; path = System/Library/Frameworks/ImageIO.framework; sourceTree = SDKROOT; };
		477F016C189177A8000CD3FF /* CheckAppInstalled.h */ = {isa = PBXFileReference; fileEncoding = 4; lastKnownFileType = sourcecode.c.h; path = CheckAppInstalled.h; sourceTree = "<group>"; };
		477F016D189177A8000CD3FF /* CheckAppInstalled.m */ = {isa = PBXFileReference; fileEncoding = 4; lastKnownFileType = sourcecode.c.objc; path = CheckAppInstalled.m; sourceTree = "<group>"; };
		4798146B19DF1D68003C7E69 /* Launch Screen.xib */ = {isa = PBXFileReference; fileEncoding = 4; lastKnownFileType = file.xib; path = "Launch Screen.xib"; sourceTree = "<group>"; };
		4798DABC186C572F0013CD99 /* ecchihentai_01.wav */ = {isa = PBXFileReference; lastKnownFileType = audio.wav; path = ecchihentai_01.wav; sourceTree = "<group>"; };
		4798DABE186C69A50013CD99 /* haryaa_02.wav */ = {isa = PBXFileReference; lastKnownFileType = audio.wav; path = haryaa_02.wav; sourceTree = "<group>"; };
		4798DAC0186C69F70013CD99 /* fueen_01.wav */ = {isa = PBXFileReference; lastKnownFileType = audio.wav; path = fueen_01.wav; sourceTree = "<group>"; };
		4798DAC2186C6A010013CD99 /* fuunda_02.wav */ = {isa = PBXFileReference; lastKnownFileType = audio.wav; path = fuunda_02.wav; sourceTree = "<group>"; };
		4798DAC4186C6A360013CD99 /* ijiwaru_02.wav */ = {isa = PBXFileReference; lastKnownFileType = audio.wav; path = ijiwaru_02.wav; sourceTree = "<group>"; };
		4798DAC6186C6ACF0013CD99 /* aaan_01.wav */ = {isa = PBXFileReference; lastKnownFileType = audio.wav; path = aaan_01.wav; sourceTree = "<group>"; };
		4798DAC8186C6B200013CD99 /* oi_02.wav */ = {isa = PBXFileReference; lastKnownFileType = audio.wav; path = oi_02.wav; sourceTree = "<group>"; };
		4798DACA186C6B940013CD99 /* gomennasai_03.wav */ = {isa = PBXFileReference; lastKnownFileType = audio.wav; path = gomennasai_03.wav; sourceTree = "<group>"; };
		4798DACC186C6C0F0013CD99 /* nyaanyaa_01.wav */ = {isa = PBXFileReference; lastKnownFileType = audio.wav; path = nyaanyaa_01.wav; sourceTree = "<group>"; };
		4798DACE186C6C390013CD99 /* ittaai_01.wav */ = {isa = PBXFileReference; lastKnownFileType = audio.wav; path = ittaai_01.wav; sourceTree = "<group>"; };
		4798E5BF19497BE50003D4DF /* NotificationCenter.framework */ = {isa = PBXFileReference; lastKnownFileType = wrapper.framework; name = NotificationCenter.framework; path = System/Library/Frameworks/NotificationCenter.framework; sourceTree = SDKROOT; };
		47A73C6F16BD631D007B8BBA /* API.h */ = {isa = PBXFileReference; fileEncoding = 4; lastKnownFileType = sourcecode.c.h; path = API.h; sourceTree = "<group>"; };
		47A73C7016BD6571007B8BBA /* MoeAppsAPI.h */ = {isa = PBXFileReference; fileEncoding = 4; lastKnownFileType = sourcecode.c.h; path = MoeAppsAPI.h; sourceTree = "<group>"; };
		47A73C7116BD6571007B8BBA /* MoeAppsAPI.m */ = {isa = PBXFileReference; fileEncoding = 4; lastKnownFileType = sourcecode.c.objc; path = MoeAppsAPI.m; sourceTree = "<group>"; };
		47AB6F2B16BFE9D400358D4B /* Default-Landscape@2x~ipad.png */ = {isa = PBXFileReference; lastKnownFileType = image.png; name = "Default-Landscape@2x~ipad.png"; path = "../Default-Landscape@2x~ipad.png"; sourceTree = "<group>"; };
		47AB6F2D16BFE9F100358D4B /* Default@2x.png */ = {isa = PBXFileReference; lastKnownFileType = image.png; name = "Default@2x.png"; path = "../Default@2x.png"; sourceTree = "<group>"; };
		47AB6F2F16BFE9FB00358D4B /* Default.png */ = {isa = PBXFileReference; lastKnownFileType = image.png; name = Default.png; path = ../Default.png; sourceTree = "<group>"; };
		47AB6F3116BFEA1D00358D4B /* Default-Landscape~ipad.png */ = {isa = PBXFileReference; lastKnownFileType = image.png; name = "Default-Landscape~ipad.png"; path = "../Default-Landscape~ipad.png"; sourceTree = "<group>"; };
		47AB6F3316BFEA2D00358D4B /* Default-Portrait~ipad.png */ = {isa = PBXFileReference; lastKnownFileType = image.png; name = "Default-Portrait~ipad.png"; path = "../Default-Portrait~ipad.png"; sourceTree = "<group>"; };
		47AB6F3516BFEA3300358D4B /* Default-Portrait@2x~ipad.png */ = {isa = PBXFileReference; lastKnownFileType = image.png; name = "Default-Portrait@2x~ipad.png"; path = "../Default-Portrait@2x~ipad.png"; sourceTree = "<group>"; };
		47AB6F3716BFEACA00358D4B /* Default-568h@2x.png */ = {isa = PBXFileReference; lastKnownFileType = image.png; name = "Default-568h@2x.png"; path = "../Default-568h@2x.png"; sourceTree = "<group>"; };
		47AB6F3916BFEAE800358D4B /* icon.png */ = {isa = PBXFileReference; lastKnownFileType = image.png; name = icon.png; path = ../icon.png; sourceTree = "<group>"; };
		47AB6F3B16BFEAF400358D4B /* 144.png */ = {isa = PBXFileReference; lastKnownFileType = image.png; name = 144.png; path = ../144.png; sourceTree = "<group>"; };
		47AB6F3D16BFEB0700358D4B /* icon57.png */ = {isa = PBXFileReference; lastKnownFileType = image.png; name = icon57.png; path = ../icon57.png; sourceTree = "<group>"; };
		47AB6F3F16BFEB0A00358D4B /* icon@2x.png */ = {isa = PBXFileReference; lastKnownFileType = image.png; name = "icon@2x.png"; path = "../icon@2x.png"; sourceTree = "<group>"; };
		47C37EB518F0669700C63A80 /* SDWebImage.framework */ = {isa = PBXFileReference; lastKnownFileType = wrapper.framework; name = SDWebImage.framework; path = ../../../Downloads/SDWebImage.framework; sourceTree = "<group>"; };
		47C3B3391837462100433266 /* SearchViewController.h */ = {isa = PBXFileReference; fileEncoding = 4; lastKnownFileType = sourcecode.c.h; path = SearchViewController.h; sourceTree = "<group>"; };
		47C3B33A1837462100433266 /* SearchViewController.m */ = {isa = PBXFileReference; fileEncoding = 4; lastKnownFileType = sourcecode.c.objc; path = SearchViewController.m; sourceTree = "<group>"; };
		47C3B3411837A77A00433266 /* MBProgressHUD.h */ = {isa = PBXFileReference; fileEncoding = 4; lastKnownFileType = sourcecode.c.h; path = MBProgressHUD.h; sourceTree = "<group>"; };
		47C3B3421837A77A00433266 /* MBProgressHUD.m */ = {isa = PBXFileReference; fileEncoding = 4; lastKnownFileType = sourcecode.c.objc; path = MBProgressHUD.m; sourceTree = "<group>"; };
		47C8EE8D185F1CC90031DAC2 /* en */ = {isa = PBXFileReference; lastKnownFileType = text.plist.strings; name = en; path = en.lproj/Localizable.strings; sourceTree = "<group>"; };
		47C8EE8F185F1CDB0031DAC2 /* zh-Hans */ = {isa = PBXFileReference; lastKnownFileType = text.plist.strings; name = "zh-Hans"; path = "zh-Hans.lproj/InfoPlist.strings"; sourceTree = "<group>"; };
		47C8EE90185F1CDB0031DAC2 /* zh-Hans */ = {isa = PBXFileReference; lastKnownFileType = text.plist.strings; name = "zh-Hans"; path = "zh-Hans.lproj/Localizable.strings"; sourceTree = "<group>"; };
		47C8EE91185F1CE70031DAC2 /* zh-Hant */ = {isa = PBXFileReference; lastKnownFileType = text.plist.strings; name = "zh-Hant"; path = "zh-Hant.lproj/InfoPlist.strings"; sourceTree = "<group>"; };
		47C8EE92185F1CE70031DAC2 /* zh-Hant */ = {isa = PBXFileReference; lastKnownFileType = text.plist.strings; name = "zh-Hant"; path = "zh-Hant.lproj/Localizable.strings"; sourceTree = "<group>"; };
		47C8EE93185F1CF30031DAC2 /* ja */ = {isa = PBXFileReference; lastKnownFileType = text.plist.strings; name = ja; path = ja.lproj/InfoPlist.strings; sourceTree = "<group>"; };
		47C8EE94185F1CF30031DAC2 /* ja */ = {isa = PBXFileReference; lastKnownFileType = text.plist.strings; name = ja; path = ja.lproj/Localizable.strings; sourceTree = "<group>"; };
		47C98AED1861BD6A00D55468 /* background.png */ = {isa = PBXFileReference; lastKnownFileType = image.png; path = background.png; sourceTree = "<group>"; };
		47C98B0B1861C5F800D55468 /* AudioToolbox.framework */ = {isa = PBXFileReference; lastKnownFileType = wrapper.framework; name = AudioToolbox.framework; path = System/Library/Frameworks/AudioToolbox.framework; sourceTree = SDKROOT; };
		47C98B0D1861C6E300D55468 /* AdSupport.framework */ = {isa = PBXFileReference; lastKnownFileType = wrapper.framework; name = AdSupport.framework; path = System/Library/Frameworks/AdSupport.framework; sourceTree = SDKROOT; };
		47D39CF417AD3A470083C30D /* DetailViewController.h */ = {isa = PBXFileReference; fileEncoding = 4; lastKnownFileType = sourcecode.c.h; path = DetailViewController.h; sourceTree = "<group>"; };
		47D39CF517AD3A470083C30D /* DetailViewController.m */ = {isa = PBXFileReference; fileEncoding = 4; lastKnownFileType = sourcecode.c.objc; path = DetailViewController.m; sourceTree = "<group>"; };
		47DCDAC4186084E400555D97 /* NewNavViewController.h */ = {isa = PBXFileReference; fileEncoding = 4; lastKnownFileType = sourcecode.c.h; path = NewNavViewController.h; sourceTree = "<group>"; };
		47DCDAC5186084E400555D97 /* NewNavViewController.m */ = {isa = PBXFileReference; fileEncoding = 4; lastKnownFileType = sourcecode.c.objc; path = NewNavViewController.m; sourceTree = "<group>"; };
		47DCDACB1860851200555D97 /* SearchNavViewController.h */ = {isa = PBXFileReference; fileEncoding = 4; lastKnownFileType = sourcecode.c.h; path = SearchNavViewController.h; sourceTree = "<group>"; };
		47DCDACC1860851200555D97 /* SearchNavViewController.m */ = {isa = PBXFileReference; fileEncoding = 4; lastKnownFileType = sourcecode.c.objc; path = SearchNavViewController.m; sourceTree = "<group>"; };
		47DCDACE1860854300555D97 /* CategoryNavViewController.h */ = {isa = PBXFileReference; fileEncoding = 4; lastKnownFileType = sourcecode.c.h; path = CategoryNavViewController.h; sourceTree = "<group>"; };
		47DCDACF1860854300555D97 /* CategoryNavViewController.m */ = {isa = PBXFileReference; fileEncoding = 4; lastKnownFileType = sourcecode.c.objc; path = CategoryNavViewController.m; sourceTree = "<group>"; };
		47DCDAD118608C0A00555D97 /* TabBarViewController.h */ = {isa = PBXFileReference; fileEncoding = 4; lastKnownFileType = sourcecode.c.h; path = TabBarViewController.h; sourceTree = "<group>"; };
		47DCDAD218608C0A00555D97 /* TabBarViewController.m */ = {isa = PBXFileReference; fileEncoding = 4; lastKnownFileType = sourcecode.c.objc; path = TabBarViewController.m; sourceTree = "<group>"; };
		47DCDAD418609E4100555D97 /* UITabBarStar@2x.png */ = {isa = PBXFileReference; lastKnownFileType = image.png; path = "UITabBarStar@2x.png"; sourceTree = "<group>"; };
		47DCDAD618609E9E00555D97 /* UITabBarStar.png */ = {isa = PBXFileReference; lastKnownFileType = image.png; path = UITabBarStar.png; sourceTree = "<group>"; };
		47DCE6031859E82500141321 /* AddressBook.framework */ = {isa = PBXFileReference; lastKnownFileType = wrapper.framework; name = AddressBook.framework; path = System/Library/Frameworks/AddressBook.framework; sourceTree = SDKROOT; };
		47E2713B18FC17FE00304DED /* Security.framework */ = {isa = PBXFileReference; lastKnownFileType = wrapper.framework; name = Security.framework; path = System/Library/Frameworks/Security.framework; sourceTree = SDKROOT; };
		47E8A59A18C8A40B00A84F8E /* CoreTelephony.framework */ = {isa = PBXFileReference; lastKnownFileType = wrapper.framework; name = CoreTelephony.framework; path = System/Library/Frameworks/CoreTelephony.framework; sourceTree = SDKROOT; };
		47EF54661837C4F3002AED54 /* CategoryListViewController.h */ = {isa = PBXFileReference; fileEncoding = 4; lastKnownFileType = sourcecode.c.h; path = CategoryListViewController.h; sourceTree = "<group>"; };
		47EF54671837C4F3002AED54 /* CategoryListViewController.m */ = {isa = PBXFileReference; fileEncoding = 4; lastKnownFileType = sourcecode.c.objc; path = CategoryListViewController.m; sourceTree = "<group>"; };
		47EF546D1837CCB1002AED54 /* CategoryAppListViewController.h */ = {isa = PBXFileReference; fileEncoding = 4; lastKnownFileType = sourcecode.c.h; path = CategoryAppListViewController.h; sourceTree = "<group>"; };
		47EF546E1837CCB1002AED54 /* CategoryAppListViewController.m */ = {isa = PBXFileReference; fileEncoding = 4; lastKnownFileType = sourcecode.c.objc; path = CategoryAppListViewController.m; sourceTree = "<group>"; };
/* End PBXFileReference section */

/* Begin PBXFrameworksBuildPhase section */
		4727B9ED16B554AE00A6F19D /* Frameworks */ = {
			isa = PBXFrameworksBuildPhase;
			buildActionMask = 2147483647;
			files = (
				47E2713C18FC17FE00304DED /* Security.framework in Frameworks */,
				47C37EB618F0669700C63A80 /* SDWebImage.framework in Frameworks */,
				47E8A59B18C8A40B00A84F8E /* CoreTelephony.framework in Frameworks */,
				47179631186B34F800318E73 /* AVFoundation.framework in Frameworks */,
				47C98B0E1861C6E300D55468 /* AdSupport.framework in Frameworks */,
				4727B9F916B554AE00A6F19D /* CoreGraphics.framework in Frameworks */,
				477E24E917A92144008D353F /* SystemConfiguration.framework in Frameworks */,
				477E24EB17A92150008D353F /* MessageUI.framework in Frameworks */,
				47C98B0C1861C5F800D55468 /* AudioToolbox.framework in Frameworks */,
				47DCE6041859E82500141321 /* AddressBook.framework in Frameworks */,
				477E24ED17A9215A008D353F /* ImageIO.framework in Frameworks */,
				477E24E717A92124008D353F /* CoreData.framework in Frameworks */,
				477E24E517A9211A008D353F /* CFNetwork.framework in Frameworks */,
				477E24E117A9202C008D353F /* libz.dylib in Frameworks */,
				477E24DF17A92023008D353F /* libsqlite3.dylib in Frameworks */,
				477E24DD17A9200D008D353F /* libiconv.dylib in Frameworks */,
				4727B9F516B554AE00A6F19D /* UIKit.framework in Frameworks */,
				4727B9F716B554AE00A6F19D /* Foundation.framework in Frameworks */,
			);
			runOnlyForDeploymentPostprocessing = 0;
		};
/* End PBXFrameworksBuildPhase section */

/* Begin PBXGroup section */
		4727B9E516B554AE00A6F19D = {
			isa = PBXGroup;
			children = (
				4727B9FA16B554AE00A6F19D /* NewMoeApps */,
				474621D119FFD4210023593F /* ShareExtension */,
				4727B9F316B554AE00A6F19D /* Frameworks */,
				4727B9F116B554AE00A6F19D /* Products */,
			);
			sourceTree = "<group>";
		};
		4727B9F116B554AE00A6F19D /* Products */ = {
			isa = PBXGroup;
			children = (
				4727B9F016B554AE00A6F19D /* NewMoeApps.app */,
			);
			name = Products;
			sourceTree = "<group>";
		};
		4727B9F316B554AE00A6F19D /* Frameworks */ = {
			isa = PBXGroup;
			children = (
				474621A419FFD3730023593F /* MobileCoreServices.framework */,
				47E2713B18FC17FE00304DED /* Security.framework */,
				47C37EB518F0669700C63A80 /* SDWebImage.framework */,
				47E8A59A18C8A40B00A84F8E /* CoreTelephony.framework */,
				47179630186B34F800318E73 /* AVFoundation.framework */,
				47C98B0D1861C6E300D55468 /* AdSupport.framework */,
				47C98B0B1861C5F800D55468 /* AudioToolbox.framework */,
				47DCE6031859E82500141321 /* AddressBook.framework */,
				477E24EC17A9215A008D353F /* ImageIO.framework */,
				477E24EA17A92150008D353F /* MessageUI.framework */,
				477E24E817A92144008D353F /* SystemConfiguration.framework */,
				477E24E617A92124008D353F /* CoreData.framework */,
				477E24E417A9211A008D353F /* CFNetwork.framework */,
				477E24E017A9202C008D353F /* libz.dylib */,
				477E24DE17A92023008D353F /* libsqlite3.dylib */,
				477E24DC17A9200D008D353F /* libiconv.dylib */,
				4727B9F416B554AE00A6F19D /* UIKit.framework */,
				4727B9F616B554AE00A6F19D /* Foundation.framework */,
				4727B9F816B554AE00A6F19D /* CoreGraphics.framework */,
				4798E5BF19497BE50003D4DF /* NotificationCenter.framework */,
			);
			name = Frameworks;
			sourceTree = "<group>";
		};
		4727B9FA16B554AE00A6F19D /* NewMoeApps */ = {
			isa = PBXGroup;
			children = (
				47A73C6F16BD631D007B8BBA /* API.h */,
				47A73C7016BD6571007B8BBA /* MoeAppsAPI.h */,
				47A73C7116BD6571007B8BBA /* MoeAppsAPI.m */,
				4727BA0316B554AE00A6F19D /* AppDelegate.h */,
				4727BA0416B554AE00A6F19D /* AppDelegate.m */,
				47DCDAD118608C0A00555D97 /* TabBarViewController.h */,
				47DCDAD218608C0A00555D97 /* TabBarViewController.m */,
				47DCDAC4186084E400555D97 /* NewNavViewController.h */,
				47DCDAC5186084E400555D97 /* NewNavViewController.m */,
				477E24CC17A90E3D008D353F /* NewViewController.h */,
				477E24CD17A90E3D008D353F /* NewViewController.m */,
				47DCDACE1860854300555D97 /* CategoryNavViewController.h */,
				47DCDACF1860854300555D97 /* CategoryNavViewController.m */,
				47EF54661837C4F3002AED54 /* CategoryListViewController.h */,
				47EF54671837C4F3002AED54 /* CategoryListViewController.m */,
				47EF546D1837CCB1002AED54 /* CategoryAppListViewController.h */,
				47EF546E1837CCB1002AED54 /* CategoryAppListViewController.m */,
				47DCDACB1860851200555D97 /* SearchNavViewController.h */,
				47DCDACC1860851200555D97 /* SearchNavViewController.m */,
				47C3B3391837462100433266 /* SearchViewController.h */,
				47C3B33A1837462100433266 /* SearchViewController.m */,
				477E24C917A90A4B008D353F /* AppCell.h */,
				477E24CA17A90A4B008D353F /* AppCell.m */,
				4717962B186B318900318E73 /* MoreViewController.h */,
				4717962C186B318900318E73 /* MoreViewController.m */,
				47179632186C44E400318E73 /* HowCreateViewController.h */,
				47179633186C44E400318E73 /* HowCreateViewController.m */,
				47D39CF417AD3A470083C30D /* DetailViewController.h */,
				47D39CF517AD3A470083C30D /* DetailViewController.m */,
				471E84D11850A97D002667D0 /* DetailViewController_iPad.h */,
				471E84D21850A97D002667D0 /* DetailViewController_iPad.m */,
				477F016C189177A8000CD3FF /* CheckAppInstalled.h */,
				477F016D189177A8000CD3FF /* CheckAppInstalled.m */,
				4727BA0C16B554AE00A6F19D /* MainStoryboard_iPhone.storyboard */,
				4727BA0F16B554AE00A6F19D /* MainStoryboard_iPad.storyboard */,
				471232E617E4A6DF00EE081B /* Images.xcassets */,
				4798146B19DF1D68003C7E69 /* Launch Screen.xib */,
				4727B9FB16B554AE00A6F19D /* Supporting Files */,
			);
			path = NewMoeApps;
			sourceTree = "<group>";
		};
		4727B9FB16B554AE00A6F19D /* Supporting Files */ = {
			isa = PBXGroup;
			children = (
				473481BD189162E6003F80BC /* iHasApp */,
				4775A903187D9EDF006D7E5C /* icons */,
				47DCE6001855F84000141321 /* HUD */,
				4727B9FC16B554AE00A6F19D /* NewMoeApps-Info.plist */,
				4727B9FD16B554AE00A6F19D /* InfoPlist.strings */,
				4727BA0016B554AE00A6F19D /* main.m */,
				4727BA0216B554AE00A6F19D /* NewMoeApps-Prefix.pch */,
				47C8EE8E185F1CC90031DAC2 /* Localizable.strings */,
				4798DAB7186C56710013CD99 /* Sound */,
			);
			name = "Supporting Files";
			sourceTree = "<group>";
		};
		473481BD189162E6003F80BC /* iHasApp */ = {
			isa = PBXGroup;
			children = (
				473481BE189162E6003F80BC /* iHasApp.h */,
				473481BF189162E6003F80BC /* iHasApp.m */,
				473481C0189162E6003F80BC /* schemeApps.json */,
			);
			path = iHasApp;
			sourceTree = "<group>";
		};
		474621D119FFD4210023593F /* ShareExtension */ = {
			isa = PBXGroup;
			children = (
				474621D419FFD4210023593F /* ShareViewController.h */,
				474621D519FFD4210023593F /* ShareViewController.m */,
				474621D719FFD4210023593F /* MainInterface.storyboard */,
				474621D219FFD4210023593F /* Supporting Files */,
			);
			path = ShareExtension;
			sourceTree = "<group>";
		};
		474621D219FFD4210023593F /* Supporting Files */ = {
			isa = PBXGroup;
			children = (
				474621D319FFD4210023593F /* Info.plist */,
			);
			name = "Supporting Files";
			sourceTree = "<group>";
		};
		4775A903187D9EDF006D7E5C /* icons */ = {
			isa = PBXGroup;
			children = (
				47AB6F3B16BFEAF400358D4B /* 144.png */,
				47C98AED1861BD6A00D55468 /* background.png */,
				47AB6F3716BFEACA00358D4B /* Default-568h@2x.png */,
				47AB6F2B16BFE9D400358D4B /* Default-Landscape@2x~ipad.png */,
				47AB6F3116BFEA1D00358D4B /* Default-Landscape~ipad.png */,
				47AB6F3516BFEA3300358D4B /* Default-Portrait@2x~ipad.png */,
				47AB6F3316BFEA2D00358D4B /* Default-Portrait~ipad.png */,
				47AB6F2F16BFE9FB00358D4B /* Default.png */,
				47AB6F2D16BFE9F100358D4B /* Default@2x.png */,
				47AB6F3916BFEAE800358D4B /* icon.png */,
				47AB6F3D16BFEB0700358D4B /* icon57.png */,
				47AB6F3F16BFEB0A00358D4B /* icon@2x.png */,
				47DCDAD618609E9E00555D97 /* UITabBarStar.png */,
				47DCDAD418609E4100555D97 /* UITabBarStar@2x.png */,
			);
			name = icons;
			sourceTree = "<group>";
		};
		4798DAB7186C56710013CD99 /* Sound */ = {
			isa = PBXGroup;
			children = (
				4798DAC6186C6ACF0013CD99 /* aaan_01.wav */,
				477BDA7B186F126F0028DD57 /* hajimemashide.mp3 */,
				477BDA77186F0F3C0028DD57 /* arigatou_04.wav */,
				4717962E186B34A100318E73 /* amitarofactory_02.wav */,
				477BDA72186DC5B90028DD57 /* chottomattene_01.wav */,
				4798DABC186C572F0013CD99 /* ecchihentai_01.wav */,
				4798DAC0186C69F70013CD99 /* fueen_01.wav */,
				4798DAC2186C6A010013CD99 /* fuunda_02.wav */,
				4798DACA186C6B940013CD99 /* gomennasai_03.wav */,
				477BDA6F186DA64B0028DD57 /* goshujinsama_03.wav */,
				477BDA6D186DA6090028DD57 /* hainandesyou_01.wav */,
				4798DABE186C69A50013CD99 /* haryaa_02.wav */,
				4798DAC4186C6A360013CD99 /* ijiwaru_02.wav */,
				4798DACE186C6C390013CD99 /* ittaai_01.wav */,
				477BDA65186DA57D0028DD57 /* nanishiteruno_01.wav */,
				4798DACC186C6C0F0013CD99 /* nyaanyaa_01.wav */,
				4798DAC8186C6B200013CD99 /* oi_02.wav */,
				477BDA6B186DA5F20028DD57 /* okaerigoshujin_01.wav */,
			);
			name = Sound;
			sourceTree = "<group>";
		};
		47DCE6001855F84000141321 /* HUD */ = {
			isa = PBXGroup;
			children = (
				47C3B3411837A77A00433266 /* MBProgressHUD.h */,
				47C3B3421837A77A00433266 /* MBProgressHUD.m */,
			);
			name = HUD;
			sourceTree = "<group>";
		};
/* End PBXGroup section */

/* Begin PBXNativeTarget section */
		4727B9EF16B554AE00A6F19D /* NewMoeApps */ = {
			isa = PBXNativeTarget;
			buildConfigurationList = 4727BA1A16B554AE00A6F19D /* Build configuration list for PBXNativeTarget "NewMoeApps" */;
			buildPhases = (
				4727B9EC16B554AE00A6F19D /* Sources */,
				4727B9ED16B554AE00A6F19D /* Frameworks */,
				4727B9EE16B554AE00A6F19D /* Resources */,
				4798E5D119497BE60003D4DF /* Embed App Extensions */,
			);
			buildRules = (
			);
			dependencies = (
			);
			name = NewMoeApps;
			productName = NewMoeApps;
			productReference = 4727B9F016B554AE00A6F19D /* NewMoeApps.app */;
			productType = "com.apple.product-type.application";
		};
/* End PBXNativeTarget section */

/* Begin PBXProject section */
		4727B9E716B554AE00A6F19D /* Project object */ = {
			isa = PBXProject;
			attributes = {
				LastUpgradeCheck = 0910;
				ORGANIZATIONNAME = "HT&L";
				TargetAttributes = {
					4727B9EF16B554AE00A6F19D = {
						DevelopmentTeam = HR66SGQEZ4;
						ProvisioningStyle = Automatic;
						SystemCapabilities = {
							com.apple.BackgroundModes = {
								enabled = 1;
							};
							com.apple.DataProtection = {
								enabled = 0;
							};
							com.apple.InAppPurchase = {
								enabled = 0;
							};
							com.apple.iCloud = {
								enabled = 0;
							};
						};
					};
				};
			};
			buildConfigurationList = 4727B9EA16B554AE00A6F19D /* Build configuration list for PBXProject "NewMoeApps" */;
			compatibilityVersion = "Xcode 3.2";
			developmentRegion = English;
			hasScannedForEncodings = 0;
			knownRegions = (
				en,
				"zh-Hans",
				"zh-Hant",
				ja,
			);
			mainGroup = 4727B9E516B554AE00A6F19D;
			productRefGroup = 4727B9F116B554AE00A6F19D /* Products */;
			projectDirPath = "";
			projectRoot = "";
			targets = (
				4727B9EF16B554AE00A6F19D /* NewMoeApps */,
			);
		};
/* End PBXProject section */

/* Begin PBXResourcesBuildPhase section */
		4727B9EE16B554AE00A6F19D /* Resources */ = {
			isa = PBXResourcesBuildPhase;
			buildActionMask = 2147483647;
			files = (
				4798DABF186C69A50013CD99 /* haryaa_02.wav in Resources */,
				477BDA6E186DA6090028DD57 /* hainandesyou_01.wav in Resources */,
				4798DACF186C6C390013CD99 /* ittaai_01.wav in Resources */,
				4727B9FF16B554AE00A6F19D /* InfoPlist.strings in Resources */,
				4798DAC1186C69F70013CD99 /* fueen_01.wav in Resources */,
				4727BA0E16B554AE00A6F19D /* MainStoryboard_iPhone.storyboard in Resources */,
				4727BA1116B554AE00A6F19D /* MainStoryboard_iPad.storyboard in Resources */,
				4798DACB186C6B940013CD99 /* gomennasai_03.wav in Resources */,
				4798DAC5186C6A360013CD99 /* ijiwaru_02.wav in Resources */,
				47AB6F2C16BFE9D400358D4B /* Default-Landscape@2x~ipad.png in Resources */,
				4798DAC9186C6B200013CD99 /* oi_02.wav in Resources */,
				47AB6F2E16BFE9F100358D4B /* Default@2x.png in Resources */,
				477BDA70186DA64B0028DD57 /* goshujinsama_03.wav in Resources */,
				47DCDAD518609E4100555D97 /* UITabBarStar@2x.png in Resources */,
				47AB6F3016BFE9FB00358D4B /* Default.png in Resources */,
				47DCDAD718609E9E00555D97 /* UITabBarStar.png in Resources */,
				473481C2189162E6003F80BC /* schemeApps.json in Resources */,
				471232E717E4A6DF00EE081B /* Images.xcassets in Resources */,
				477BDA7C186F126F0028DD57 /* hajimemashide.mp3 in Resources */,
				477BDA66186DA57D0028DD57 /* nanishiteruno_01.wav in Resources */,
				477BDA78186F0F3C0028DD57 /* arigatou_04.wav in Resources */,
				47AB6F3216BFEA1D00358D4B /* Default-Landscape~ipad.png in Resources */,
				47AB6F3416BFEA2D00358D4B /* Default-Portrait~ipad.png in Resources */,
				4798DAC3186C6A010013CD99 /* fuunda_02.wav in Resources */,
				477BDA6C186DA5F20028DD57 /* okaerigoshujin_01.wav in Resources */,
				47C98AEE1861BD6A00D55468 /* background.png in Resources */,
				4798DAC7186C6ACF0013CD99 /* aaan_01.wav in Resources */,
				47AB6F3616BFEA3300358D4B /* Default-Portrait@2x~ipad.png in Resources */,
				4798146C19DF1D68003C7E69 /* Launch Screen.xib in Resources */,
				47AB6F3816BFEACA00358D4B /* Default-568h@2x.png in Resources */,
				47AB6F3A16BFEAE800358D4B /* icon.png in Resources */,
				477BDA73186DC5B90028DD57 /* chottomattene_01.wav in Resources */,
				47AB6F3C16BFEAF400358D4B /* 144.png in Resources */,
				47C8EE8C185F1CC90031DAC2 /* Localizable.strings in Resources */,
				47AB6F3E16BFEB0700358D4B /* icon57.png in Resources */,
				4798DABD186C572F0013CD99 /* ecchihentai_01.wav in Resources */,
				47AB6F4016BFEB0A00358D4B /* icon@2x.png in Resources */,
				4798DACD186C6C0F0013CD99 /* nyaanyaa_01.wav in Resources */,
				4717962F186B34A100318E73 /* amitarofactory_02.wav in Resources */,
			);
			runOnlyForDeploymentPostprocessing = 0;
		};
/* End PBXResourcesBuildPhase section */

/* Begin PBXSourcesBuildPhase section */
		4727B9EC16B554AE00A6F19D /* Sources */ = {
			isa = PBXSourcesBuildPhase;
			buildActionMask = 2147483647;
			files = (
				477E24CE17A90E3D008D353F /* NewViewController.m in Sources */,
				4717962D186B318900318E73 /* MoreViewController.m in Sources */,
				477F016E189177A8000CD3FF /* CheckAppInstalled.m in Sources */,
				4727BA0116B554AE00A6F19D /* main.m in Sources */,
				47179634186C44E400318E73 /* HowCreateViewController.m in Sources */,
				4727BA0516B554AE00A6F19D /* AppDelegate.m in Sources */,
				47EF54681837C4F3002AED54 /* CategoryListViewController.m in Sources */,
				473481C1189162E6003F80BC /* iHasApp.m in Sources */,
				47DCDAD01860854300555D97 /* CategoryNavViewController.m in Sources */,
				47EF546F1837CCB1002AED54 /* CategoryAppListViewController.m in Sources */,
				477E24CB17A90A4B008D353F /* AppCell.m in Sources */,
				47A73C7216BD6571007B8BBA /* MoeAppsAPI.m in Sources */,
				47DCDAC6186084E400555D97 /* NewNavViewController.m in Sources */,
				47D39CF617AD3A470083C30D /* DetailViewController.m in Sources */,
				47DCDAD318608C0A00555D97 /* TabBarViewController.m in Sources */,
				47DCDACD1860851200555D97 /* SearchNavViewController.m in Sources */,
				471E84D31850A97D002667D0 /* DetailViewController_iPad.m in Sources */,
				47C3B33B1837462100433266 /* SearchViewController.m in Sources */,
				47C3B3431837A77A00433266 /* MBProgressHUD.m in Sources */,
			);
			runOnlyForDeploymentPostprocessing = 0;
		};
/* End PBXSourcesBuildPhase section */

/* Begin PBXVariantGroup section */
		4727B9FD16B554AE00A6F19D /* InfoPlist.strings */ = {
			isa = PBXVariantGroup;
			children = (
				4727B9FE16B554AE00A6F19D /* en */,
				47C8EE8F185F1CDB0031DAC2 /* zh-Hans */,
				47C8EE91185F1CE70031DAC2 /* zh-Hant */,
				47C8EE93185F1CF30031DAC2 /* ja */,
			);
			name = InfoPlist.strings;
			sourceTree = "<group>";
		};
		4727BA0C16B554AE00A6F19D /* MainStoryboard_iPhone.storyboard */ = {
			isa = PBXVariantGroup;
			children = (
				4727BA0D16B554AE00A6F19D /* en */,
			);
			name = MainStoryboard_iPhone.storyboard;
			sourceTree = "<group>";
		};
		4727BA0F16B554AE00A6F19D /* MainStoryboard_iPad.storyboard */ = {
			isa = PBXVariantGroup;
			children = (
				4727BA1016B554AE00A6F19D /* en */,
			);
			name = MainStoryboard_iPad.storyboard;
			sourceTree = "<group>";
		};
		47C8EE8E185F1CC90031DAC2 /* Localizable.strings */ = {
			isa = PBXVariantGroup;
			children = (
				47C8EE8D185F1CC90031DAC2 /* en */,
				47C8EE90185F1CDB0031DAC2 /* zh-Hans */,
				47C8EE92185F1CE70031DAC2 /* zh-Hant */,
				47C8EE94185F1CF30031DAC2 /* ja */,
			);
			name = Localizable.strings;
			sourceTree = "<group>";
		};
/* End PBXVariantGroup section */

/* Begin XCBuildConfiguration section */
		4727BA1816B554AE00A6F19D /* Debug */ = {
			isa = XCBuildConfiguration;
			buildSettings = {
				ALWAYS_SEARCH_USER_PATHS = NO;
				CLANG_ANALYZER_LOCALIZABILITY_NONLOCALIZED = YES;
				CLANG_CXX_LANGUAGE_STANDARD = "gnu++0x";
				CLANG_CXX_LIBRARY = "libc++";
				CLANG_ENABLE_OBJC_ARC = YES;
				CLANG_WARN_BLOCK_CAPTURE_AUTORELEASING = YES;
				CLANG_WARN_BOOL_CONVERSION = YES;
				CLANG_WARN_COMMA = YES;
				CLANG_WARN_CONSTANT_CONVERSION = YES;
				CLANG_WARN_EMPTY_BODY = YES;
				CLANG_WARN_ENUM_CONVERSION = YES;
				CLANG_WARN_INFINITE_RECURSION = YES;
				CLANG_WARN_INT_CONVERSION = YES;
				CLANG_WARN_NON_LITERAL_NULL_CONVERSION = YES;
				CLANG_WARN_OBJC_LITERAL_CONVERSION = YES;
				CLANG_WARN_RANGE_LOOP_ANALYSIS = YES;
				CLANG_WARN_STRICT_PROTOTYPES = YES;
				CLANG_WARN_SUSPICIOUS_MOVE = YES;
				CLANG_WARN_UNREACHABLE_CODE = YES;
				CLANG_WARN__DUPLICATE_METHOD_MATCH = YES;
				CODE_SIGN_IDENTITY = "";
				"CODE_SIGN_IDENTITY[sdk=iphoneos*]" = "";
				COPY_PHASE_STRIP = NO;
				ENABLE_STRICT_OBJC_MSGSEND = YES;
				ENABLE_TESTABILITY = YES;
				GCC_C_LANGUAGE_STANDARD = gnu99;
				GCC_DYNAMIC_NO_PIC = NO;
				GCC_NO_COMMON_BLOCKS = YES;
				GCC_OPTIMIZATION_LEVEL = 0;
				GCC_PREPROCESSOR_DEFINITIONS = (
					"DEBUG=1",
					"$(inherited)",
				);
				GCC_SYMBOLS_PRIVATE_EXTERN = NO;
				GCC_WARN_64_TO_32_BIT_CONVERSION = YES;
				GCC_WARN_ABOUT_RETURN_TYPE = YES;
				GCC_WARN_UNDECLARED_SELECTOR = YES;
				GCC_WARN_UNINITIALIZED_AUTOS = YES;
				GCC_WARN_UNUSED_FUNCTION = YES;
				GCC_WARN_UNUSED_VARIABLE = YES;
				IPHONEOS_DEPLOYMENT_TARGET = 11.1;
				ONLY_ACTIVE_ARCH = YES;
				PROVISIONING_PROFILE = "";
				SDKROOT = iphoneos;
				TARGETED_DEVICE_FAMILY = "1,2";
			};
			name = Debug;
		};
		4727BA1916B554AE00A6F19D /* Release */ = {
			isa = XCBuildConfiguration;
			buildSettings = {
				ALWAYS_SEARCH_USER_PATHS = NO;
				CLANG_ANALYZER_LOCALIZABILITY_NONLOCALIZED = YES;
				CLANG_CXX_LANGUAGE_STANDARD = "gnu++0x";
				CLANG_CXX_LIBRARY = "libc++";
				CLANG_ENABLE_OBJC_ARC = YES;
				CLANG_WARN_BLOCK_CAPTURE_AUTORELEASING = YES;
				CLANG_WARN_BOOL_CONVERSION = YES;
				CLANG_WARN_COMMA = YES;
				CLANG_WARN_CONSTANT_CONVERSION = YES;
				CLANG_WARN_EMPTY_BODY = YES;
				CLANG_WARN_ENUM_CONVERSION = YES;
				CLANG_WARN_INFINITE_RECURSION = YES;
				CLANG_WARN_INT_CONVERSION = YES;
				CLANG_WARN_NON_LITERAL_NULL_CONVERSION = YES;
				CLANG_WARN_OBJC_LITERAL_CONVERSION = YES;
				CLANG_WARN_RANGE_LOOP_ANALYSIS = YES;
				CLANG_WARN_STRICT_PROTOTYPES = YES;
				CLANG_WARN_SUSPICIOUS_MOVE = YES;
				CLANG_WARN_UNREACHABLE_CODE = YES;
				CLANG_WARN__DUPLICATE_METHOD_MATCH = YES;
				CODE_SIGN_IDENTITY = "";
				"CODE_SIGN_IDENTITY[sdk=iphoneos*]" = "";
				COPY_PHASE_STRIP = YES;
				ENABLE_STRICT_OBJC_MSGSEND = YES;
				GCC_C_LANGUAGE_STANDARD = gnu99;
				GCC_NO_COMMON_BLOCKS = YES;
				GCC_WARN_64_TO_32_BIT_CONVERSION = YES;
				GCC_WARN_ABOUT_RETURN_TYPE = YES;
				GCC_WARN_UNDECLARED_SELECTOR = YES;
				GCC_WARN_UNINITIALIZED_AUTOS = YES;
				GCC_WARN_UNUSED_FUNCTION = YES;
				GCC_WARN_UNUSED_VARIABLE = YES;
				IPHONEOS_DEPLOYMENT_TARGET = 11.1;
				ONLY_ACTIVE_ARCH = NO;
				OTHER_CFLAGS = "-DNS_BLOCK_ASSERTIONS=1";
				PROVISIONING_PROFILE = "";
				SDKROOT = iphoneos;
				TARGETED_DEVICE_FAMILY = "1,2";
				VALIDATE_PRODUCT = YES;
			};
			name = Release;
		};
		4727BA1B16B554AE00A6F19D /* Debug */ = {
			isa = XCBuildConfiguration;
			buildSettings = {
				ASSETCATALOG_COMPILER_APPICON_NAME = AppIcon;
				ASSETCATALOG_COMPILER_LAUNCHIMAGE_NAME = LaunchImage;
				CODE_SIGN_IDENTITY = "iPhone Developer: Huang Xingkai (ZSK3Q7V672)";
				"CODE_SIGN_IDENTITY[sdk=iphoneos*]" = "iPhone Developer";
				CODE_SIGN_STYLE = Automatic;
				DEVELOPMENT_TEAM = "";
				ENABLE_BITCODE = NO;
				FRAMEWORK_SEARCH_PATHS = (
					"$(inherited)",
					/Users/bi119aTe5hXk/Downloads,
				);
				GCC_PRECOMPILE_PREFIX_HEADER = YES;
				GCC_PREFIX_HEADER = "NewMoeApps/NewMoeApps-Prefix.pch";
				INFOPLIST_FILE = "NewMoeApps/NewMoeApps-Info.plist";
				IPHONEOS_DEPLOYMENT_TARGET = 11.1;
				LIBRARY_SEARCH_PATHS = (
					"$(inherited)",
					/Users/bi119aTe5hXk/Documents/Projects/NewMoeApps/NewMoeApps,
					"$(PROJECT_DIR)",
					"/Users/bi119aTe5hXk/Documents/Projects/NewMoeApps/NewMoeApps/Add-ons/GoogleAnalyticsServicesiOS_3.03",
					"$(PROJECT_DIR)/NewMoeApps",
				);
				ONLY_ACTIVE_ARCH = YES;
				OTHER_LDFLAGS = "-ObjC";
				PRODUCT_BUNDLE_IDENTIFIER = com.HTandL.MoeApps;
				PRODUCT_NAME = "$(TARGET_NAME)";
				PROVISIONING_PROFILE = "";
				PROVISIONING_PROFILE_SPECIFIER = "";
				SDKROOT = iphoneos;
				TARGETED_DEVICE_FAMILY = "1,2";
				VALID_ARCHS = "armv7 armv7s arm64";
				WRAPPER_EXTENSION = app;
			};
			name = Debug;
		};
		4727BA1C16B554AE00A6F19D /* Release */ = {
			isa = XCBuildConfiguration;
			buildSettings = {
				ASSETCATALOG_COMPILER_APPICON_NAME = AppIcon;
				ASSETCATALOG_COMPILER_LAUNCHIMAGE_NAME = LaunchImage;
				CODE_SIGN_IDENTITY = "iPhone Developer: Huang Xingkai (ZSK3Q7V672)";
				"CODE_SIGN_IDENTITY[sdk=iphoneos*]" = "iPhone Developer";
				CODE_SIGN_STYLE = Automatic;
				DEVELOPMENT_TEAM = "";
				ENABLE_BITCODE = NO;
				FRAMEWORK_SEARCH_PATHS = (
					"$(inherited)",
					/Users/bi119aTe5hXk/Downloads,
				);
				GCC_PRECOMPILE_PREFIX_HEADER = YES;
				GCC_PREFIX_HEADER = "NewMoeApps/NewMoeApps-Prefix.pch";
				INFOPLIST_FILE = "NewMoeApps/NewMoeApps-Info.plist";
				IPHONEOS_DEPLOYMENT_TARGET = 11.1;
				LIBRARY_SEARCH_PATHS = (
					"$(inherited)",
					/Users/bi119aTe5hXk/Documents/Projects/NewMoeApps/NewMoeApps,
					"$(PROJECT_DIR)",
					"/Users/bi119aTe5hXk/Documents/Projects/NewMoeApps/NewMoeApps/Add-ons/GoogleAnalyticsServicesiOS_3.03",
					"$(PROJECT_DIR)/NewMoeApps",
				);
				ONLY_ACTIVE_ARCH = NO;
				OTHER_LDFLAGS = "-ObjC";
				PRODUCT_BUNDLE_IDENTIFIER = com.HTandL.MoeApps;
				PRODUCT_NAME = "$(TARGET_NAME)";
				PROVISIONING_PROFILE = "";
				PROVISIONING_PROFILE_SPECIFIER = "";
				SDKROOT = iphoneos;
				TARGETED_DEVICE_FAMILY = "1,2";
				VALID_ARCHS = "armv7 armv7s arm64";
				WRAPPER_EXTENSION = app;
			};
			name = Release;
		};
/* End XCBuildConfiguration section */

/* Begin XCConfigurationList section */
		4727B9EA16B554AE00A6F19D /* Build configuration list for PBXProject "NewMoeApps" */ = {
			isa = XCConfigurationList;
			buildConfigurations = (
				4727BA1816B554AE00A6F19D /* Debug */,
				4727BA1916B554AE00A6F19D /* Release */,
			);
			defaultConfigurationIsVisible = 0;
			defaultConfigurationName = Release;
		};
		4727BA1A16B554AE00A6F19D /* Build configuration list for PBXNativeTarget "NewMoeApps" */ = {
			isa = XCConfigurationList;
			buildConfigurations = (
				4727BA1B16B554AE00A6F19D /* Debug */,
				4727BA1C16B554AE00A6F19D /* Release */,
			);
			defaultConfigurationIsVisible = 0;
			defaultConfigurationName = Release;
		};
/* End XCConfigurationList section */
	};
	rootObject = 4727B9E716B554AE00A6F19D /* Project object */;
}
